// !$*UTF8*$!
{
	archiveVersion = 1;
	classes = {
	};
	objectVersion = 50;
	objects = {

/* Begin PBXBuildFile section */
		339DC3D0DCB7E6A601075D08 /* Pods_ParstagramUITests.framework in Frameworks */ = {isa = PBXBuildFile; fileRef = 7CBCFB045D4F4CDBF8E054A6 /* Pods_ParstagramUITests.framework */; };
		34F3730D4010154274216011 /* Pods_Parstagram.framework in Frameworks */ = {isa = PBXBuildFile; fileRef = E9B78766B336A078EB3DC775 /* Pods_Parstagram.framework */; };
		AF3F7E69D2639405088716B5 /* Pods_ParstagramTests.framework in Frameworks */ = {isa = PBXBuildFile; fileRef = 996C92AC623A018496133723 /* Pods_ParstagramTests.framework */; };
		F74A905E2223975300CDF271 /* CameraViewController.swift in Sources */ = {isa = PBXBuildFile; fileRef = F74A905D2223975300CDF271 /* CameraViewController.swift */; };
		F74A906022239EC400CDF271 /* PostCell.swift in Sources */ = {isa = PBXBuildFile; fileRef = F74A905F22239EC400CDF271 /* PostCell.swift */; };
		F74A90622223B01D00CDF271 /* CommentCell.swift in Sources */ = {isa = PBXBuildFile; fileRef = F74A90612223B01D00CDF271 /* CommentCell.swift */; };
		F75B9E63221D00A300BFE13F /* AppDelegate.swift in Sources */ = {isa = PBXBuildFile; fileRef = F75B9E62221D00A300BFE13F /* AppDelegate.swift */; };
		F75B9E68221D00A300BFE13F /* Main.storyboard in Resources */ = {isa = PBXBuildFile; fileRef = F75B9E66221D00A300BFE13F /* Main.storyboard */; };
		F75B9E6A221D00A500BFE13F /* Assets.xcassets in Resources */ = {isa = PBXBuildFile; fileRef = F75B9E69221D00A500BFE13F /* Assets.xcassets */; };
		F75B9E6D221D00A500BFE13F /* LaunchScreen.storyboard in Resources */ = {isa = PBXBuildFile; fileRef = F75B9E6B221D00A500BFE13F /* LaunchScreen.storyboard */; };
		F75B9E78221D00A500BFE13F /* ParstagramTests.swift in Sources */ = {isa = PBXBuildFile; fileRef = F75B9E77221D00A500BFE13F /* ParstagramTests.swift */; };
		F75B9E83221D00A500BFE13F /* ParstagramUITests.swift in Sources */ = {isa = PBXBuildFile; fileRef = F75B9E82221D00A500BFE13F /* ParstagramUITests.swift */; };
		F7C1A4E122237D0800A322F1 /* LoginViewController.swift in Sources */ = {isa = PBXBuildFile; fileRef = F7C1A4E022237D0800A322F1 /* LoginViewController.swift */; };
		F7C1A4E322237D1A00A322F1 /* FeedViewController.swift in Sources */ = {isa = PBXBuildFile; fileRef = F7C1A4E222237D1A00A322F1 /* FeedViewController.swift */; };
/* End PBXBuildFile section */

/* Begin PBXContainerItemProxy section */
		F75B9E74221D00A500BFE13F /* PBXContainerItemProxy */ = {
			isa = PBXContainerItemProxy;
			containerPortal = F75B9E57221D00A300BFE13F /* Project object */;
			proxyType = 1;
			remoteGlobalIDString = F75B9E5E221D00A300BFE13F;
			remoteInfo = Parstagram;
		};
		F75B9E7F221D00A500BFE13F /* PBXContainerItemProxy */ = {
			isa = PBXContainerItemProxy;
			containerPortal = F75B9E57221D00A300BFE13F /* Project object */;
			proxyType = 1;
			remoteGlobalIDString = F75B9E5E221D00A300BFE13F;
			remoteInfo = Parstagram;
		};
/* End PBXContainerItemProxy section */

/* Begin PBXFileReference section */
		158434497CBB4D8D028D689D /* Pods-ParstagramTests.debug.xcconfig */ = {isa = PBXFileReference; includeInIndex = 1; lastKnownFileType = text.xcconfig; name = "Pods-ParstagramTests.debug.xcconfig"; path = "Pods/Target Support Files/Pods-ParstagramTests/Pods-ParstagramTests.debug.xcconfig"; sourceTree = "<group>"; };
		2761340852E5ED3364BE7B61 /* Pods-ParstagramTests.release.xcconfig */ = {isa = PBXFileReference; includeInIndex = 1; lastKnownFileType = text.xcconfig; name = "Pods-ParstagramTests.release.xcconfig"; path = "Pods/Target Support Files/Pods-ParstagramTests/Pods-ParstagramTests.release.xcconfig"; sourceTree = "<group>"; };
		284EBC2389E4DE6E3C71E43E /* Pods-ParstagramUITests.release.xcconfig */ = {isa = PBXFileReference; includeInIndex = 1; lastKnownFileType = text.xcconfig; name = "Pods-ParstagramUITests.release.xcconfig"; path = "Pods/Target Support Files/Pods-ParstagramUITests/Pods-ParstagramUITests.release.xcconfig"; sourceTree = "<group>"; };
		7CBCFB045D4F4CDBF8E054A6 /* Pods_ParstagramUITests.framework */ = {isa = PBXFileReference; explicitFileType = wrapper.framework; includeInIndex = 0; path = Pods_ParstagramUITests.framework; sourceTree = BUILT_PRODUCTS_DIR; };
		9751E121608A5849883770EA /* Pods-Parstagram.release.xcconfig */ = {isa = PBXFileReference; includeInIndex = 1; lastKnownFileType = text.xcconfig; name = "Pods-Parstagram.release.xcconfig"; path = "Pods/Target Support Files/Pods-Parstagram/Pods-Parstagram.release.xcconfig"; sourceTree = "<group>"; };
		996C92AC623A018496133723 /* Pods_ParstagramTests.framework */ = {isa = PBXFileReference; explicitFileType = wrapper.framework; includeInIndex = 0; path = Pods_ParstagramTests.framework; sourceTree = BUILT_PRODUCTS_DIR; };
		CCD777E196C8B6A9F72FF8B4 /* Pods-Parstagram.debug.xcconfig */ = {isa = PBXFileReference; includeInIndex = 1; lastKnownFileType = text.xcconfig; name = "Pods-Parstagram.debug.xcconfig"; path = "Pods/Target Support Files/Pods-Parstagram/Pods-Parstagram.debug.xcconfig"; sourceTree = "<group>"; };
		D0870E4403FE38531C830E63 /* Pods-ParstagramUITests.debug.xcconfig */ = {isa = PBXFileReference; includeInIndex = 1; lastKnownFileType = text.xcconfig; name = "Pods-ParstagramUITests.debug.xcconfig"; path = "Pods/Target Support Files/Pods-ParstagramUITests/Pods-ParstagramUITests.debug.xcconfig"; sourceTree = "<group>"; };
		E9B78766B336A078EB3DC775 /* Pods_Parstagram.framework */ = {isa = PBXFileReference; explicitFileType = wrapper.framework; includeInIndex = 0; path = Pods_Parstagram.framework; sourceTree = BUILT_PRODUCTS_DIR; };
		F74A905D2223975300CDF271 /* CameraViewController.swift */ = {isa = PBXFileReference; lastKnownFileType = sourcecode.swift; path = CameraViewController.swift; sourceTree = "<group>"; };
		F74A905F22239EC400CDF271 /* PostCell.swift */ = {isa = PBXFileReference; lastKnownFileType = sourcecode.swift; path = PostCell.swift; sourceTree = "<group>"; };
		F74A90612223B01D00CDF271 /* CommentCell.swift */ = {isa = PBXFileReference; lastKnownFileType = sourcecode.swift; path = CommentCell.swift; sourceTree = "<group>"; };
		F75B9E5F221D00A300BFE13F /* Parstagram.app */ = {isa = PBXFileReference; explicitFileType = wrapper.application; includeInIndex = 0; path = Parstagram.app; sourceTree = BUILT_PRODUCTS_DIR; };
		F75B9E62221D00A300BFE13F /* AppDelegate.swift */ = {isa = PBXFileReference; lastKnownFileType = sourcecode.swift; path = AppDelegate.swift; sourceTree = "<group>"; };
		F75B9E67221D00A300BFE13F /* Base */ = {isa = PBXFileReference; lastKnownFileType = file.storyboard; name = Base; path = Base.lproj/Main.storyboard; sourceTree = "<group>"; };
		F75B9E69221D00A500BFE13F /* Assets.xcassets */ = {isa = PBXFileReference; lastKnownFileType = folder.assetcatalog; path = Assets.xcassets; sourceTree = "<group>"; };
		F75B9E6C221D00A500BFE13F /* Base */ = {isa = PBXFileReference; lastKnownFileType = file.storyboard; name = Base; path = Base.lproj/LaunchScreen.storyboard; sourceTree = "<group>"; };
		F75B9E6E221D00A500BFE13F /* Info.plist */ = {isa = PBXFileReference; lastKnownFileType = text.plist.xml; path = Info.plist; sourceTree = "<group>"; };
		F75B9E73221D00A500BFE13F /* ParstagramTests.xctest */ = {isa = PBXFileReference; explicitFileType = wrapper.cfbundle; includeInIndex = 0; path = ParstagramTests.xctest; sourceTree = BUILT_PRODUCTS_DIR; };
		F75B9E77221D00A500BFE13F /* ParstagramTests.swift */ = {isa = PBXFileReference; lastKnownFileType = sourcecode.swift; path = ParstagramTests.swift; sourceTree = "<group>"; };
		F75B9E79221D00A500BFE13F /* Info.plist */ = {isa = PBXFileReference; lastKnownFileType = text.plist.xml; path = Info.plist; sourceTree = "<group>"; };
		F75B9E7E221D00A500BFE13F /* ParstagramUITests.xctest */ = {isa = PBXFileReference; explicitFileType = wrapper.cfbundle; includeInIndex = 0; path = ParstagramUITests.xctest; sourceTree = BUILT_PRODUCTS_DIR; };
		F75B9E82221D00A500BFE13F /* ParstagramUITests.swift */ = {isa = PBXFileReference; lastKnownFileType = sourcecode.swift; path = ParstagramUITests.swift; sourceTree = "<group>"; };
		F75B9E84221D00A500BFE13F /* Info.plist */ = {isa = PBXFileReference; lastKnownFileType = text.plist.xml; path = Info.plist; sourceTree = "<group>"; };
		F7C1A4E022237D0800A322F1 /* LoginViewController.swift */ = {isa = PBXFileReference; lastKnownFileType = sourcecode.swift; path = LoginViewController.swift; sourceTree = "<group>"; };
		F7C1A4E222237D1A00A322F1 /* FeedViewController.swift */ = {isa = PBXFileReference; lastKnownFileType = sourcecode.swift; path = FeedViewController.swift; sourceTree = "<group>"; };
/* End PBXFileReference section */

/* Begin PBXFrameworksBuildPhase section */
		F75B9E5C221D00A300BFE13F /* Frameworks */ = {
			isa = PBXFrameworksBuildPhase;
			buildActionMask = 2147483647;
			files = (
				34F3730D4010154274216011 /* Pods_Parstagram.framework in Frameworks */,
			);
			runOnlyForDeploymentPostprocessing = 0;
		};
		F75B9E70221D00A500BFE13F /* Frameworks */ = {
			isa = PBXFrameworksBuildPhase;
			buildActionMask = 2147483647;
			files = (
				AF3F7E69D2639405088716B5 /* Pods_ParstagramTests.framework in Frameworks */,
			);
			runOnlyForDeploymentPostprocessing = 0;
		};
		F75B9E7B221D00A500BFE13F /* Frameworks */ = {
			isa = PBXFrameworksBuildPhase;
			buildActionMask = 2147483647;
			files = (
				339DC3D0DCB7E6A601075D08 /* Pods_ParstagramUITests.framework in Frameworks */,
			);
			runOnlyForDeploymentPostprocessing = 0;
		};
/* End PBXFrameworksBuildPhase section */

/* Begin PBXGroup section */
		539059F66902E2330FC2BF2A /* Frameworks */ = {
			isa = PBXGroup;
			children = (
				E9B78766B336A078EB3DC775 /* Pods_Parstagram.framework */,
				996C92AC623A018496133723 /* Pods_ParstagramTests.framework */,
				7CBCFB045D4F4CDBF8E054A6 /* Pods_ParstagramUITests.framework */,
			);
			name = Frameworks;
			sourceTree = "<group>";
		};
		F3777C8A223A62D3FFAB6F5C /* Pods */ = {
			isa = PBXGroup;
			children = (
				CCD777E196C8B6A9F72FF8B4 /* Pods-Parstagram.debug.xcconfig */,
				9751E121608A5849883770EA /* Pods-Parstagram.release.xcconfig */,
				158434497CBB4D8D028D689D /* Pods-ParstagramTests.debug.xcconfig */,
				2761340852E5ED3364BE7B61 /* Pods-ParstagramTests.release.xcconfig */,
				D0870E4403FE38531C830E63 /* Pods-ParstagramUITests.debug.xcconfig */,
				284EBC2389E4DE6E3C71E43E /* Pods-ParstagramUITests.release.xcconfig */,
			);
			name = Pods;
			sourceTree = "<group>";
		};
		F75B9E56221D00A300BFE13F = {
			isa = PBXGroup;
			children = (
				F75B9E61221D00A300BFE13F /* Parstagram */,
				F75B9E76221D00A500BFE13F /* ParstagramTests */,
				F75B9E81221D00A500BFE13F /* ParstagramUITests */,
				F75B9E60221D00A300BFE13F /* Products */,
				F3777C8A223A62D3FFAB6F5C /* Pods */,
				539059F66902E2330FC2BF2A /* Frameworks */,
			);
			sourceTree = "<group>";
		};
		F75B9E60221D00A300BFE13F /* Products */ = {
			isa = PBXGroup;
			children = (
				F75B9E5F221D00A300BFE13F /* Parstagram.app */,
				F75B9E73221D00A500BFE13F /* ParstagramTests.xctest */,
				F75B9E7E221D00A500BFE13F /* ParstagramUITests.xctest */,
			);
			name = Products;
			sourceTree = "<group>";
		};
		F75B9E61221D00A300BFE13F /* Parstagram */ = {
			isa = PBXGroup;
			children = (
				F75B9E62221D00A300BFE13F /* AppDelegate.swift */,
				F75B9E66221D00A300BFE13F /* Main.storyboard */,
				F75B9E69221D00A500BFE13F /* Assets.xcassets */,
				F75B9E6B221D00A500BFE13F /* LaunchScreen.storyboard */,
				F75B9E6E221D00A500BFE13F /* Info.plist */,
				F7C1A4E022237D0800A322F1 /* LoginViewController.swift */,
				F7C1A4E222237D1A00A322F1 /* FeedViewController.swift */,
				F74A905D2223975300CDF271 /* CameraViewController.swift */,
				F74A905F22239EC400CDF271 /* PostCell.swift */,
				F74A90612223B01D00CDF271 /* CommentCell.swift */,
			);
			path = Parstagram;
			sourceTree = "<group>";
		};
		F75B9E76221D00A500BFE13F /* ParstagramTests */ = {
			isa = PBXGroup;
			children = (
				F75B9E77221D00A500BFE13F /* ParstagramTests.swift */,
				F75B9E79221D00A500BFE13F /* Info.plist */,
			);
			path = ParstagramTests;
			sourceTree = "<group>";
		};
		F75B9E81221D00A500BFE13F /* ParstagramUITests */ = {
			isa = PBXGroup;
			children = (
				F75B9E82221D00A500BFE13F /* ParstagramUITests.swift */,
				F75B9E84221D00A500BFE13F /* Info.plist */,
			);
			path = ParstagramUITests;
			sourceTree = "<group>";
		};
/* End PBXGroup section */

/* Begin PBXNativeTarget section */
		F75B9E5E221D00A300BFE13F /* Parstagram */ = {
			isa = PBXNativeTarget;
			buildConfigurationList = F75B9E87221D00A500BFE13F /* Build configuration list for PBXNativeTarget "Parstagram" */;
			buildPhases = (
				904814013B0A12B02D3D7B21 /* [CP] Check Pods Manifest.lock */,
				F75B9E5B221D00A300BFE13F /* Sources */,
				F75B9E5C221D00A300BFE13F /* Frameworks */,
				F75B9E5D221D00A300BFE13F /* Resources */,
				9AF6E4CACC2CC52089C51C74 /* [CP] Embed Pods Frameworks */,
			);
			buildRules = (
			);
			dependencies = (
			);
			name = Parstagram;
			productName = Parstagram;
			productReference = F75B9E5F221D00A300BFE13F /* Parstagram.app */;
			productType = "com.apple.product-type.application";
		};
		F75B9E72221D00A500BFE13F /* ParstagramTests */ = {
			isa = PBXNativeTarget;
			buildConfigurationList = F75B9E8A221D00A500BFE13F /* Build configuration list for PBXNativeTarget "ParstagramTests" */;
			buildPhases = (
				5F929FEBD2BD8FE8C8AFAF58 /* [CP] Check Pods Manifest.lock */,
				F75B9E6F221D00A500BFE13F /* Sources */,
				F75B9E70221D00A500BFE13F /* Frameworks */,
				F75B9E71221D00A500BFE13F /* Resources */,
			);
			buildRules = (
			);
			dependencies = (
				F75B9E75221D00A500BFE13F /* PBXTargetDependency */,
			);
			name = ParstagramTests;
			productName = ParstagramTests;
			productReference = F75B9E73221D00A500BFE13F /* ParstagramTests.xctest */;
			productType = "com.apple.product-type.bundle.unit-test";
		};
		F75B9E7D221D00A500BFE13F /* ParstagramUITests */ = {
			isa = PBXNativeTarget;
			buildConfigurationList = F75B9E8D221D00A500BFE13F /* Build configuration list for PBXNativeTarget "ParstagramUITests" */;
			buildPhases = (
				7EBE832254AF11F2A46FA078 /* [CP] Check Pods Manifest.lock */,
				F75B9E7A221D00A500BFE13F /* Sources */,
				F75B9E7B221D00A500BFE13F /* Frameworks */,
				F75B9E7C221D00A500BFE13F /* Resources */,
			);
			buildRules = (
			);
			dependencies = (
				F75B9E80221D00A500BFE13F /* PBXTargetDependency */,
			);
			name = ParstagramUITests;
			productName = ParstagramUITests;
			productReference = F75B9E7E221D00A500BFE13F /* ParstagramUITests.xctest */;
			productType = "com.apple.product-type.bundle.ui-testing";
		};
/* End PBXNativeTarget section */

/* Begin PBXProject section */
		F75B9E57221D00A300BFE13F /* Project object */ = {
			isa = PBXProject;
			attributes = {
				LastSwiftUpdateCheck = 1010;
				LastUpgradeCheck = 1010;
				ORGANIZATIONNAME = "Rohith Sridharan";
				TargetAttributes = {
					F75B9E5E221D00A300BFE13F = {
						CreatedOnToolsVersion = 10.1;
					};
					F75B9E72221D00A500BFE13F = {
						CreatedOnToolsVersion = 10.1;
						TestTargetID = F75B9E5E221D00A300BFE13F;
					};
					F75B9E7D221D00A500BFE13F = {
						CreatedOnToolsVersion = 10.1;
						TestTargetID = F75B9E5E221D00A300BFE13F;
					};
				};
			};
			buildConfigurationList = F75B9E5A221D00A300BFE13F /* Build configuration list for PBXProject "Parstagram" */;
			compatibilityVersion = "Xcode 9.3";
			developmentRegion = en;
			hasScannedForEncodings = 0;
			knownRegions = (
				en,
				Base,
			);
			mainGroup = F75B9E56221D00A300BFE13F;
			productRefGroup = F75B9E60221D00A300BFE13F /* Products */;
			projectDirPath = "";
			projectRoot = "";
			targets = (
				F75B9E5E221D00A300BFE13F /* Parstagram */,
				F75B9E72221D00A500BFE13F /* ParstagramTests */,
				F75B9E7D221D00A500BFE13F /* ParstagramUITests */,
			);
		};
/* End PBXProject section */

/* Begin PBXResourcesBuildPhase section */
		F75B9E5D221D00A300BFE13F /* Resources */ = {
			isa = PBXResourcesBuildPhase;
			buildActionMask = 2147483647;
			files = (
				F75B9E6D221D00A500BFE13F /* LaunchScreen.storyboard in Resources */,
				F75B9E6A221D00A500BFE13F /* Assets.xcassets in Resources */,
				F75B9E68221D00A300BFE13F /* Main.storyboard in Resources */,
			);
			runOnlyForDeploymentPostprocessing = 0;
		};
		F75B9E71221D00A500BFE13F /* Resources */ = {
			isa = PBXResourcesBuildPhase;
			buildActionMask = 2147483647;
			files = (
			);
			runOnlyForDeploymentPostprocessing = 0;
		};
		F75B9E7C221D00A500BFE13F /* Resources */ = {
			isa = PBXResourcesBuildPhase;
			buildActionMask = 2147483647;
			files = (
			);
			runOnlyForDeploymentPostprocessing = 0;
		};
/* End PBXResourcesBuildPhase section */

/* Begin PBXShellScriptBuildPhase section */
		5F929FEBD2BD8FE8C8AFAF58 /* [CP] Check Pods Manifest.lock */ = {
			isa = PBXShellScriptBuildPhase;
			buildActionMask = 2147483647;
			files = (
			);
			inputFileListPaths = (
			);
			inputPaths = (
				"${PODS_PODFILE_DIR_PATH}/Podfile.lock",
				"${PODS_ROOT}/Manifest.lock",
			);
			name = "[CP] Check Pods Manifest.lock";
			outputFileListPaths = (
			);
			outputPaths = (
				"$(DERIVED_FILE_DIR)/Pods-ParstagramTests-checkManifestLockResult.txt",
			);
			runOnlyForDeploymentPostprocessing = 0;
			shellPath = /bin/sh;
			shellScript = "diff \"${PODS_PODFILE_DIR_PATH}/Podfile.lock\" \"${PODS_ROOT}/Manifest.lock\" > /dev/null\nif [ $? != 0 ] ; then\n    # print error to STDERR\n    echo \"error: The sandbox is not in sync with the Podfile.lock. Run 'pod install' or update your CocoaPods installation.\" >&2\n    exit 1\nfi\n# This output is used by Xcode 'outputs' to avoid re-running this script phase.\necho \"SUCCESS\" > \"${SCRIPT_OUTPUT_FILE_0}\"\n";
			showEnvVarsInLog = 0;
		};
		7EBE832254AF11F2A46FA078 /* [CP] Check Pods Manifest.lock */ = {
			isa = PBXShellScriptBuildPhase;
			buildActionMask = 2147483647;
			files = (
			);
			inputFileListPaths = (
			);
			inputPaths = (
				"${PODS_PODFILE_DIR_PATH}/Podfile.lock",
				"${PODS_ROOT}/Manifest.lock",
			);
			name = "[CP] Check Pods Manifest.lock";
			outputFileListPaths = (
			);
			outputPaths = (
				"$(DERIVED_FILE_DIR)/Pods-ParstagramUITests-checkManifestLockResult.txt",
			);
			runOnlyForDeploymentPostprocessing = 0;
			shellPath = /bin/sh;
			shellScript = "diff \"${PODS_PODFILE_DIR_PATH}/Podfile.lock\" \"${PODS_ROOT}/Manifest.lock\" > /dev/null\nif [ $? != 0 ] ; then\n    # print error to STDERR\n    echo \"error: The sandbox is not in sync with the Podfile.lock. Run 'pod install' or update your CocoaPods installation.\" >&2\n    exit 1\nfi\n# This output is used by Xcode 'outputs' to avoid re-running this script phase.\necho \"SUCCESS\" > \"${SCRIPT_OUTPUT_FILE_0}\"\n";
			showEnvVarsInLog = 0;
		};
		904814013B0A12B02D3D7B21 /* [CP] Check Pods Manifest.lock */ = {
			isa = PBXShellScriptBuildPhase;
			buildActionMask = 2147483647;
			files = (
			);
			inputFileListPaths = (
			);
			inputPaths = (
				"${PODS_PODFILE_DIR_PATH}/Podfile.lock",
				"${PODS_ROOT}/Manifest.lock",
			);
			name = "[CP] Check Pods Manifest.lock";
			outputFileListPaths = (
			);
			outputPaths = (
				"$(DERIVED_FILE_DIR)/Pods-Parstagram-checkManifestLockResult.txt",
			);
			runOnlyForDeploymentPostprocessing = 0;
			shellPath = /bin/sh;
			shellScript = "diff \"${PODS_PODFILE_DIR_PATH}/Podfile.lock\" \"${PODS_ROOT}/Manifest.lock\" > /dev/null\nif [ $? != 0 ] ; then\n    # print error to STDERR\n    echo \"error: The sandbox is not in sync with the Podfile.lock. Run 'pod install' or update your CocoaPods installation.\" >&2\n    exit 1\nfi\n# This output is used by Xcode 'outputs' to avoid re-running this script phase.\necho \"SUCCESS\" > \"${SCRIPT_OUTPUT_FILE_0}\"\n";
			showEnvVarsInLog = 0;
		};
		9AF6E4CACC2CC52089C51C74 /* [CP] Embed Pods Frameworks */ = {
			isa = PBXShellScriptBuildPhase;
			buildActionMask = 2147483647;
			files = (
			);
			inputFileListPaths = (
			);
			inputPaths = (
				"${SRCROOT}/Pods/Target Support Files/Pods-Parstagram/Pods-Parstagram-frameworks.sh",
				"${BUILT_PRODUCTS_DIR}/Alamofire/Alamofire.framework",
				"${BUILT_PRODUCTS_DIR}/AlamofireImage/AlamofireImage.framework",
				"${BUILT_PRODUCTS_DIR}/Bolts/Bolts.framework",
				"${BUILT_PRODUCTS_DIR}/MessageInputBar/MessageInputBar.framework",
				"${BUILT_PRODUCTS_DIR}/Parse/Parse.framework",
			);
			name = "[CP] Embed Pods Frameworks";
			outputFileListPaths = (
			);
			outputPaths = (
				"${TARGET_BUILD_DIR}/${FRAMEWORKS_FOLDER_PATH}/Alamofire.framework",
				"${TARGET_BUILD_DIR}/${FRAMEWORKS_FOLDER_PATH}/AlamofireImage.framework",
				"${TARGET_BUILD_DIR}/${FRAMEWORKS_FOLDER_PATH}/Bolts.framework",
				"${TARGET_BUILD_DIR}/${FRAMEWORKS_FOLDER_PATH}/MessageInputBar.framework",
				"${TARGET_BUILD_DIR}/${FRAMEWORKS_FOLDER_PATH}/Parse.framework",
			);
			runOnlyForDeploymentPostprocessing = 0;
			shellPath = /bin/sh;
			shellScript = "\"${SRCROOT}/Pods/Target Support Files/Pods-Parstagram/Pods-Parstagram-frameworks.sh\"\n";
			showEnvVarsInLog = 0;
		};
/* End PBXShellScriptBuildPhase section */

/* Begin PBXSourcesBuildPhase section */
		F75B9E5B221D00A300BFE13F /* Sources */ = {
			isa = PBXSourcesBuildPhase;
			buildActionMask = 2147483647;
			files = (
				F7C1A4E122237D0800A322F1 /* LoginViewController.swift in Sources */,
				F74A905E2223975300CDF271 /* CameraViewController.swift in Sources */,
				F7C1A4E322237D1A00A322F1 /* FeedViewController.swift in Sources */,
				F75B9E63221D00A300BFE13F /* AppDelegate.swift in Sources */,
				F74A906022239EC400CDF271 /* PostCell.swift in Sources */,
				F74A90622223B01D00CDF271 /* CommentCell.swift in Sources */,
			);
			runOnlyForDeploymentPostprocessing = 0;
		};
		F75B9E6F221D00A500BFE13F /* Sources */ = {
			isa = PBXSourcesBuildPhase;
			buildActionMask = 2147483647;
			files = (
				F75B9E78221D00A500BFE13F /* ParstagramTests.swift in Sources */,
			);
			runOnlyForDeploymentPostprocessing = 0;
		};
		F75B9E7A221D00A500BFE13F /* Sources */ = {
			isa = PBXSourcesBuildPhase;
			buildActionMask = 2147483647;
			files = (
				F75B9E83221D00A500BFE13F /* ParstagramUITests.swift in Sources */,
			);
			runOnlyForDeploymentPostprocessing = 0;
		};
/* End PBXSourcesBuildPhase section */

/* Begin PBXTargetDependency section */
		F75B9E75221D00A500BFE13F /* PBXTargetDependency */ = {
			isa = PBXTargetDependency;
			target = F75B9E5E221D00A300BFE13F /* Parstagram */;
			targetProxy = F75B9E74221D00A500BFE13F /* PBXContainerItemProxy */;
		};
		F75B9E80221D00A500BFE13F /* PBXTargetDependency */ = {
			isa = PBXTargetDependency;
			target = F75B9E5E221D00A300BFE13F /* Parstagram */;
			targetProxy = F75B9E7F221D00A500BFE13F /* PBXContainerItemProxy */;
		};
/* End PBXTargetDependency section */

/* Begin PBXVariantGroup section */
		F75B9E66221D00A300BFE13F /* Main.storyboard */ = {
			isa = PBXVariantGroup;
			children = (
				F75B9E67221D00A300BFE13F /* Base */,
			);
			name = Main.storyboard;
			sourceTree = "<group>";
		};
		F75B9E6B221D00A500BFE13F /* LaunchScreen.storyboard */ = {
			isa = PBXVariantGroup;
			children = (
				F75B9E6C221D00A500BFE13F /* Base */,
			);
			name = LaunchScreen.storyboard;
			sourceTree = "<group>";
		};
/* End PBXVariantGroup section */

/* Begin XCBuildConfiguration section */
		F75B9E85221D00A500BFE13F /* Debug */ = {
			isa = XCBuildConfiguration;
			buildSettings = {
				ALWAYS_SEARCH_USER_PATHS = NO;
				CLANG_ANALYZER_NONNULL = YES;
				CLANG_ANALYZER_NUMBER_OBJECT_CONVERSION = YES_AGGRESSIVE;
				CLANG_CXX_LANGUAGE_STANDARD = "gnu++14";
				CLANG_CXX_LIBRARY = "libc++";
				CLANG_ENABLE_MODULES = YES;
				CLANG_ENABLE_OBJC_ARC = YES;
				CLANG_ENABLE_OBJC_WEAK = YES;
				CLANG_WARN_BLOCK_CAPTURE_AUTORELEASING = YES;
				CLANG_WARN_BOOL_CONVERSION = YES;
				CLANG_WARN_COMMA = YES;
				CLANG_WARN_CONSTANT_CONVERSION = YES;
				CLANG_WARN_DEPRECATED_OBJC_IMPLEMENTATIONS = YES;
				CLANG_WARN_DIRECT_OBJC_ISA_USAGE = YES_ERROR;
				CLANG_WARN_DOCUMENTATION_COMMENTS = YES;
				CLANG_WARN_EMPTY_BODY = YES;
				CLANG_WARN_ENUM_CONVERSION = YES;
				CLANG_WARN_INFINITE_RECURSION = YES;
				CLANG_WARN_INT_CONVERSION = YES;
				CLANG_WARN_NON_LITERAL_NULL_CONVERSION = YES;
				CLANG_WARN_OBJC_IMPLICIT_RETAIN_SELF = YES;
				CLANG_WARN_OBJC_LITERAL_CONVERSION = YES;
				CLANG_WARN_OBJC_ROOT_CLASS = YES_ERROR;
				CLANG_WARN_RANGE_LOOP_ANALYSIS = YES;
				CLANG_WARN_STRICT_PROTOTYPES = YES;
				CLANG_WARN_SUSPICIOUS_MOVE = YES;
				CLANG_WARN_UNGUARDED_AVAILABILITY = YES_AGGRESSIVE;
				CLANG_WARN_UNREACHABLE_CODE = YES;
				CLANG_WARN__DUPLICATE_METHOD_MATCH = YES;
				CODE_SIGN_IDENTITY = "iPhone Developer";
				COPY_PHASE_STRIP = NO;
				DEBUG_INFORMATION_FORMAT = dwarf;
				ENABLE_STRICT_OBJC_MSGSEND = YES;
				ENABLE_TESTABILITY = YES;
				GCC_C_LANGUAGE_STANDARD = gnu11;
				GCC_DYNAMIC_NO_PIC = NO;
				GCC_NO_COMMON_BLOCKS = YES;
				GCC_OPTIMIZATION_LEVEL = 0;
				GCC_PREPROCESSOR_DEFINITIONS = (
					"DEBUG=1",
					"$(inherited)",
				);
				GCC_WARN_64_TO_32_BIT_CONVERSION = YES;
				GCC_WARN_ABOUT_RETURN_TYPE = YES_ERROR;
				GCC_WARN_UNDECLARED_SELECTOR = YES;
				GCC_WARN_UNINITIALIZED_AUTOS = YES_AGGRESSIVE;
				GCC_WARN_UNUSED_FUNCTION = YES;
				GCC_WARN_UNUSED_VARIABLE = YES;
				IPHONEOS_DEPLOYMENT_TARGET = 12.1;
				MTL_ENABLE_DEBUG_INFO = INCLUDE_SOURCE;
				MTL_FAST_MATH = YES;
				ONLY_ACTIVE_ARCH = YES;
				SDKROOT = iphoneos;
				SWIFT_ACTIVE_COMPILATION_CONDITIONS = DEBUG;
				SWIFT_OPTIMIZATION_LEVEL = "-Onone";
			};
			name = Debug;
		};
		F75B9E86221D00A500BFE13F /* Release */ = {
			isa = XCBuildConfiguration;
			buildSettings = {
				ALWAYS_SEARCH_USER_PATHS = NO;
				CLANG_ANALYZER_NONNULL = YES;
				CLANG_ANALYZER_NUMBER_OBJECT_CONVERSION = YES_AGGRESSIVE;
				CLANG_CXX_LANGUAGE_STANDARD = "gnu++14";
				CLANG_CXX_LIBRARY = "libc++";
				CLANG_ENABLE_MODULES = YES;
				CLANG_ENABLE_OBJC_ARC = YES;
				CLANG_ENABLE_OBJC_WEAK = YES;
				CLANG_WARN_BLOCK_CAPTURE_AUTORELEASING = YES;
				CLANG_WARN_BOOL_CONVERSION = YES;
				CLANG_WARN_COMMA = YES;
				CLANG_WARN_CONSTANT_CONVERSION = YES;
				CLANG_WARN_DEPRECATED_OBJC_IMPLEMENTATIONS = YES;
				CLANG_WARN_DIRECT_OBJC_ISA_USAGE = YES_ERROR;
				CLANG_WARN_DOCUMENTATION_COMMENTS = YES;
				CLANG_WARN_EMPTY_BODY = YES;
				CLANG_WARN_ENUM_CONVERSION = YES;
				CLANG_WARN_INFINITE_RECURSION = YES;
				CLANG_WARN_INT_CONVERSION = YES;
				CLANG_WARN_NON_LITERAL_NULL_CONVERSION = YES;
				CLANG_WARN_OBJC_IMPLICIT_RETAIN_SELF = YES;
				CLANG_WARN_OBJC_LITERAL_CONVERSION = YES;
				CLANG_WARN_OBJC_ROOT_CLASS = YES_ERROR;
				CLANG_WARN_RANGE_LOOP_ANALYSIS = YES;
				CLANG_WARN_STRICT_PROTOTYPES = YES;
				CLANG_WARN_SUSPICIOUS_MOVE = YES;
				CLANG_WARN_UNGUARDED_AVAILABILITY = YES_AGGRESSIVE;
				CLANG_WARN_UNREACHABLE_CODE = YES;
				CLANG_WARN__DUPLICATE_METHOD_MATCH = YES;
				CODE_SIGN_IDENTITY = "iPhone Developer";
				COPY_PHASE_STRIP = NO;
				DEBUG_INFORMATION_FORMAT = "dwarf-with-dsym";
				ENABLE_NS_ASSERTIONS = NO;
				ENABLE_STRICT_OBJC_MSGSEND = YES;
				GCC_C_LANGUAGE_STANDARD = gnu11;
				GCC_NO_COMMON_BLOCKS = YES;
				GCC_WARN_64_TO_32_BIT_CONVERSION = YES;
				GCC_WARN_ABOUT_RETURN_TYPE = YES_ERROR;
				GCC_WARN_UNDECLARED_SELECTOR = YES;
				GCC_WARN_UNINITIALIZED_AUTOS = YES_AGGRESSIVE;
				GCC_WARN_UNUSED_FUNCTION = YES;
				GCC_WARN_UNUSED_VARIABLE = YES;
				IPHONEOS_DEPLOYMENT_TARGET = 12.1;
				MTL_ENABLE_DEBUG_INFO = NO;
				MTL_FAST_MATH = YES;
				SDKROOT = iphoneos;
				SWIFT_COMPILATION_MODE = wholemodule;
				SWIFT_OPTIMIZATION_LEVEL = "-O";
				VALIDATE_PRODUCT = YES;
			};
			name = Release;
		};
		F75B9E88221D00A500BFE13F /* Debug */ = {
			isa = XCBuildConfiguration;
			baseConfigurationReference = CCD777E196C8B6A9F72FF8B4 /* Pods-Parstagram.debug.xcconfig */;
			buildSettings = {
				ASSETCATALOG_COMPILER_APPICON_NAME = AppIcon;
				CODE_SIGN_STYLE = Automatic;
				INFOPLIST_FILE = Parstagram/Info.plist;
				LD_RUNPATH_SEARCH_PATHS = (
					"$(inherited)",
					"@executable_path/Frameworks",
				);
				PRODUCT_BUNDLE_IDENTIFIER = personal.Parstagram;
				PRODUCT_NAME = "$(TARGET_NAME)";
				SWIFT_VERSION = 4.2;
				TARGETED_DEVICE_FAMILY = "1,2";
			};
			name = Debug;
		};
		F75B9E89221D00A500BFE13F /* Release */ = {
			isa = XCBuildConfiguration;
			baseConfigurationReference = 9751E121608A5849883770EA /* Pods-Parstagram.release.xcconfig */;
			buildSettings = {
				ASSETCATALOG_COMPILER_APPICON_NAME = AppIcon;
				CODE_SIGN_STYLE = Automatic;
				INFOPLIST_FILE = Parstagram/Info.plist;
				LD_RUNPATH_SEARCH_PATHS = (
					"$(inherited)",
					"@executable_path/Frameworks",
				);
				PRODUCT_BUNDLE_IDENTIFIER = personal.Parstagram;
				PRODUCT_NAME = "$(TARGET_NAME)";
				SWIFT_VERSION = 4.2;
				TARGETED_DEVICE_FAMILY = "1,2";
			};
			name = Release;
		};
		F75B9E8B221D00A500BFE13F /* Debug */ = {
			isa = XCBuildConfiguration;
			baseConfigurationReference = 158434497CBB4D8D028D689D /* Pods-ParstagramTests.debug.xcconfig */;
			buildSettings = {
				ALWAYS_EMBED_SWIFT_STANDARD_LIBRARIES = YES;
				BUNDLE_LOADER = "$(TEST_HOST)";
				CODE_SIGN_STYLE = Automatic;
				INFOPLIST_FILE = ParstagramTests/Info.plist;
				LD_RUNPATH_SEARCH_PATHS = (
					"$(inherited)",
					"@executable_path/Frameworks",
					"@loader_path/Frameworks",
				);
				PRODUCT_BUNDLE_IDENTIFIER = personal.ParstagramTests;
				PRODUCT_NAME = "$(TARGET_NAME)";
				SWIFT_VERSION = 4.2;
				TARGETED_DEVICE_FAMILY = "1,2";
				TEST_HOST = "$(BUILT_PRODUCTS_DIR)/Parstagram.app/Parstagram";
			};
			name = Debug;
		};
		F75B9E8C221D00A500BFE13F /* Release */ = {
			isa = XCBuildConfiguration;
			baseConfigurationReference = 2761340852E5ED3364BE7B61 /* Pods-ParstagramTests.release.xcconfig */;
			buildSettings = {
				ALWAYS_EMBED_SWIFT_STANDARD_LIBRARIES = YES;
				BUNDLE_LOADER = "$(TEST_HOST)";
				CODE_SIGN_STYLE = Automatic;
				INFOPLIST_FILE = ParstagramTests/Info.plist;
				LD_RUNPATH_SEARCH_PATHS = (
					"$(inherited)",
					"@executable_path/Frameworks",
					"@loader_path/Frameworks",
				);
				PRODUCT_BUNDLE_IDENTIFIER = personal.ParstagramTests;
				PRODUCT_NAME = "$(TARGET_NAME)";
				SWIFT_VERSION = 4.2;
				TARGETED_DEVICE_FAMILY = "1,2";
				TEST_HOST = "$(BUILT_PRODUCTS_DIR)/Parstagram.app/Parstagram";
			};
			name = Release;
		};
		F75B9E8E221D00A500BFE13F /* Debug */ = {
			isa = XCBuildConfiguration;
			baseConfigurationReference = D0870E4403FE38531C830E63 /* Pods-ParstagramUITests.debug.xcconfig */;
			buildSettings = {
				ALWAYS_EMBED_SWIFT_STANDARD_LIBRARIES = YES;
				CODE_SIGN_STYLE = Automatic;
				INFOPLIST_FILE = ParstagramUITests/Info.plist;
				LD_RUNPATH_SEARCH_PATHS = (
					"$(inherited)",
					"@executable_path/Frameworks",
					"@loader_path/Frameworks",
				);
				PRODUCT_BUNDLE_IDENTIFIER = personal.ParstagramUITests;
				PRODUCT_NAME = "$(TARGET_NAME)";
				SWIFT_VERSION = 4.2;
				TARGETED_DEVICE_FAMILY = "1,2";
				TEST_TARGET_NAME = Parstagram;
			};
			name = Debug;
		};
		F75B9E8F221D00A500BFE13F /* Release */ = {
			isa = XCBuildConfiguration;
			baseConfigurationReference = 284EBC2389E4DE6E3C71E43E /* Pods-ParstagramUITests.release.xcconfig */;
			buildSettings = {
				ALWAYS_EMBED_SWIFT_STANDARD_LIBRARIES = YES;
				CODE_SIGN_STYLE = Automatic;
				INFOPLIST_FILE = ParstagramUITests/Info.plist;
				LD_RUNPATH_SEARCH_PATHS = (
					"$(inherited)",
					"@executable_path/Frameworks",
					"@loader_path/Frameworks",
				);
				PRODUCT_BUNDLE_IDENTIFIER = personal.ParstagramUITests;
				PRODUCT_NAME = "$(TARGET_NAME)";
				SWIFT_VERSION = 4.2;
				TARGETED_DEVICE_FAMILY = "1,2";
				TEST_TARGET_NAME = Parstagram;
			};
			name = Release;
		};
/* End XCBuildConfiguration section */

/* Begin XCConfigurationList section */
		F75B9E5A221D00A300BFE13F /* Build configuration list for PBXProject "Parstagram" */ = {
			isa = XCConfigurationList;
			buildConfigurations = (
				F75B9E85221D00A500BFE13F /* Debug */,
				F75B9E86221D00A500BFE13F /* Release */,
			);
			defaultConfigurationIsVisible = 0;
			defaultConfigurationName = Release;
		};
		F75B9E87221D00A500BFE13F /* Build configuration list for PBXNativeTarget "Parstagram" */ = {
			isa = XCConfigurationList;
			buildConfigurations = (
				F75B9E88221D00A500BFE13F /* Debug */,
				F75B9E89221D00A500BFE13F /* Release */,
			);
			defaultConfigurationIsVisible = 0;
			defaultConfigurationName = Release;
		};
		F75B9E8A221D00A500BFE13F /* Build configuration list for PBXNativeTarget "ParstagramTests" */ = {
			isa = XCConfigurationList;
			buildConfigurations = (
				F75B9E8B221D00A500BFE13F /* Debug */,
				F75B9E8C221D00A500BFE13F /* Release */,
			);
			defaultConfigurationIsVisible = 0;
			defaultConfigurationName = Release;
		};
		F75B9E8D221D00A500BFE13F /* Build configuration list for PBXNativeTarget "ParstagramUITests" */ = {
			isa = XCConfigurationList;
			buildConfigurations = (
				F75B9E8E221D00A500BFE13F /* Debug */,
				F75B9E8F221D00A500BFE13F /* Release */,
			);
			defaultConfigurationIsVisible = 0;
			defaultConfigurationName = Release;
		};
/* End XCConfigurationList section */
	};
	rootObject = F75B9E57221D00A300BFE13F /* Project object */;
}
